
Microsoft Visual Studio Solution File, Format Version 12.00
# Visual Studio 14
VisualStudioVersion = 14.0.25420.1
MinimumVisualStudioVersion = 10.0.40219.1
Project("{8BC9CEB8-8B4A-11D0-8D11-00A0C91BC942}") = "task1", "task1\task1.vcxproj", "{696E8295-6A8C-47AF-B1B9-21E1F4B58510}"
EndProject
Project("{8BC9CEB8-8B4A-11D0-8D11-00A0C91BC942}") = "task2", "task2\task2.vcxproj", "{7BBFD01D-1C1A-4E53-A980-BA996220F823}"
EndProject
Project("{8BC9CEB8-8B4A-11D0-8D11-00A0C91BC942}") = "task3", "task3\task3.vcxproj", "{B8AC1110-7C93-4705-ADB4-1AC364CCFE7F}"
EndProject
Project("{8BC9CEB8-8B4A-11D0-8D11-00A0C91BC942}") = "task4", "task4\task4.vcxproj", "{C9B9A6E5-CBB6-43D2-8DEF-15286E6D17A0}"
EndProject
Project("{8BC9CEB8-8B4A-11D0-8D11-00A0C91BC942}") = "task5", "task5\task5.vcxproj", "{3E99200E-C34F-4C83-895C-2C3E23C040B5}"
EndProject
Project("{8BC9CEB8-8B4A-11D0-8D11-00A0C91BC942}") = "task6", "task6\task6.vcxproj", "{F5991501-486D-49BF-A843-17440F7E9D5D}"
EndProject
Project("{8BC9CEB8-8B4A-11D0-8D11-00A0C91BC942}") = "task7", "task7\task7.vcxproj", "{4BAC3C5C-954F-471E-87DC-39F7850B815B}"
EndProject
Global
	GlobalSection(SolutionConfigurationPlatforms) = preSolution
		Debug|x64 = Debug|x64
		Debug|x86 = Debug|x86
		Release|x64 = Release|x64
		Release|x86 = Release|x86
	EndGlobalSection
	GlobalSection(ProjectConfigurationPlatforms) = postSolution
		{696E8295-6A8C-47AF-B1B9-21E1F4B58510}.Debug|x64.ActiveCfg = Debug|x64
		{696E8295-6A8C-47AF-B1B9-21E1F4B58510}.Debug|x64.Build.0 = Debug|x64
		{696E8295-6A8C-47AF-B1B9-21E1F4B58510}.Debug|x86.ActiveCfg = Debug|Win32
		{696E8295-6A8C-47AF-B1B9-21E1F4B58510}.Debug|x86.Build.0 = Debug|Win32
		{696E8295-6A8C-47AF-B1B9-21E1F4B58510}.Release|x64.ActiveCfg = Release|x64
		{696E8295-6A8C-47AF-B1B9-21E1F4B58510}.Release|x64.Build.0 = Release|x64
		{696E8295-6A8C-47AF-B1B9-21E1F4B58510}.Release|x86.ActiveCfg = Release|Win32
		{696E8295-6A8C-47AF-B1B9-21E1F4B58510}.Release|x86.Build.0 = Release|Win32
		{7BBFD01D-1C1A-4E53-A980-BA996220F823}.Debug|x64.ActiveCfg = Debug|x64
		{7BBFD01D-1C1A-4E53-A980-BA996220F823}.Debug|x64.Build.0 = Debug|x64
		{7BBFD01D-1C1A-4E53-A980-BA996220F823}.Debug|x86.ActiveCfg = Debug|Win32
		{7BBFD01D-1C1A-4E53-A980-BA996220F823}.Debug|x86.Build.0 = Debug|Win32
		{7BBFD01D-1C1A-4E53-A980-BA996220F823}.Release|x64.ActiveCfg = Release|x64
		{7BBFD01D-1C1A-4E53-A980-BA996220F823}.Release|x64.Build.0 = Release|x64
		{7BBFD01D-1C1A-4E53-A980-BA996220F823}.Release|x86.ActiveCfg = Release|Win32
		{7BBFD01D-1C1A-4E53-A980-BA996220F823}.Release|x86.Build.0 = Release|Win32
		{B8AC1110-7C93-4705-ADB4-1AC364CCFE7F}.Debug|x64.ActiveCfg = Debug|x64
		{B8AC1110-7C93-4705-ADB4-1AC364CCFE7F}.Debug|x64.Build.0 = Debug|x64
		{B8AC1110-7C93-4705-ADB4-1AC364CCFE7F}.Debug|x86.ActiveCfg = Debug|Win32
		{B8AC1110-7C93-4705-ADB4-1AC364CCFE7F}.Debug|x86.Build.0 = Debug|Win32
		{B8AC1110-7C93-4705-ADB4-1AC364CCFE7F}.Release|x64.ActiveCfg = Release|x64
		{B8AC1110-7C93-4705-ADB4-1AC364CCFE7F}.Release|x64.Build.0 = Release|x64
		{B8AC1110-7C93-4705-ADB4-1AC364CCFE7F}.Release|x86.ActiveCfg = Release|Win32
		{B8AC1110-7C93-4705-ADB4-1AC364CCFE7F}.Release|x86.Build.0 = Release|Win32
		{C9B9A6E5-CBB6-43D2-8DEF-15286E6D17A0}.Debug|x64.ActiveCfg = Debug|x64
		{C9B9A6E5-CBB6-43D2-8DEF-15286E6D17A0}.Debug|x64.Build.0 = Debug|x64
		{C9B9A6E5-CBB6-43D2-8DEF-15286E6D17A0}.Debug|x86.ActiveCfg = Debug|Win32
		{C9B9A6E5-CBB6-43D2-8DEF-15286E6D17A0}.Debug|x86.Build.0 = Debug|Win32
		{C9B9A6E5-CBB6-43D2-8DEF-15286E6D17A0}.Release|x64.ActiveCfg = Release|x64
		{C9B9A6E5-CBB6-43D2-8DEF-15286E6D17A0}.Release|x64.Build.0 = Release|x64
		{C9B9A6E5-CBB6-43D2-8DEF-15286E6D17A0}.Release|x86.ActiveCfg = Release|Win32
		{C9B9A6E5-CBB6-43D2-8DEF-15286E6D17A0}.Release|x86.Build.0 = Release|Win32
		{3E99200E-C34F-4C83-895C-2C3E23C040B5}.Debug|x64.ActiveCfg = Debug|x64
		{3E99200E-C34F-4C83-895C-2C3E23C040B5}.Debug|x64.Build.0 = Debug|x64
		{3E99200E-C34F-4C83-895C-2C3E23C040B5}.Debug|x86.ActiveCfg = Debug|Win32
		{3E99200E-C34F-4C83-895C-2C3E23C040B5}.Debug|x86.Build.0 = Debug|Win32
		{3E99200E-C34F-4C83-895C-2C3E23C040B5}.Release|x64.ActiveCfg = Release|x64
		{3E99200E-C34F-4C83-895C-2C3E23C040B5}.Release|x64.Build.0 = Release|x64
		{3E99200E-C34F-4C83-895C-2C3E23C040B5}.Release|x86.ActiveCfg = Release|Win32
		{3E99200E-C34F-4C83-895C-2C3E23C040B5}.Release|x86.Build.0 = Release|Win32
		{F5991501-486D-49BF-A843-17440F7E9D5D}.Debug|x64.ActiveCfg = Debug|x64
		{F5991501-486D-49BF-A843-17440F7E9D5D}.Debug|x64.Build.0 = Debug|x64
		{F5991501-486D-49BF-A843-17440F7E9D5D}.Debug|x86.ActiveCfg = Debug|Win32
		{F5991501-486D-49BF-A843-17440F7E9D5D}.Debug|x86.Build.0 = Debug|Win32
		{F5991501-486D-49BF-A843-17440F7E9D5D}.Release|x64.ActiveCfg = Release|x64
		{F5991501-486D-49BF-A843-17440F7E9D5D}.Release|x64.Build.0 = Release|x64
		{F5991501-486D-49BF-A843-17440F7E9D5D}.Release|x86.ActiveCfg = Release|Win32
		{F5991501-486D-49BF-A843-17440F7E9D5D}.Release|x86.Build.0 = Release|Win32
		{4BAC3C5C-954F-471E-87DC-39F7850B815B}.Debug|x64.ActiveCfg = Debug|x64
		{4BAC3C5C-954F-471E-87DC-39F7850B815B}.Debug|x64.Build.0 = Debug|x64
		{4BAC3C5C-954F-471E-87DC-39F7850B815B}.Debug|x86.ActiveCfg = Debug|Win32
		{4BAC3C5C-954F-471E-87DC-39F7850B815B}.Debug|x86.Build.0 = Debug|Win32
		{4BAC3C5C-954F-471E-87DC-39F7850B815B}.Release|x64.ActiveCfg = Release|x64
		{4BAC3C5C-954F-471E-87DC-39F7850B815B}.Release|x64.Build.0 = Release|x64
		{4BAC3C5C-954F-471E-87DC-39F7850B815B}.Release|x86.ActiveCfg = Release|Win32
		{4BAC3C5C-954F-471E-87DC-39F7850B815B}.Release|x86.Build.0 = Release|Win32
	EndGlobalSection
	GlobalSection(SolutionProperties) = preSolution
		HideSolutionNode = FALSE
	EndGlobalSection
EndGlobal
